PODS:
  - Alamofire (5.10.1)
  - Swinject (2.9.1)

DEPENDENCIES:
  - Alamofire
  - Swinject

SPEC REPOS:
  trunk:
    - Alamofire
    - Swinject

SPEC CHECKSUMS:
  Alamofire: 840d2a1ad82355b536ec6ba5f97e5bfa54600ca3
  Swinject: a827d508c6270da03ec74e558e728917a888fa9b

PODFILE CHECKSUM: 0b0e451c3fb42bf20dc21c8dde5edb3bc8afe98b

COCOAPODS: 1.15.2
